// !$*UTF8*$!
{
	archiveVersion = 1;
	classes = {
	};
	objectVersion = 46;
	objects = {

/* Begin PBXBuildFile section */
		2B5F0D281D509B7200B897D3 /* BJAssembler.m in Sources */ = {isa = PBXBuildFile; fileRef = 2B5F0D231D509B7200B897D3 /* BJAssembler.m */; };
		2B5F0D291D509B7200B897D3 /* BJFileInfoAssembler.m in Sources */ = {isa = PBXBuildFile; fileRef = 2B5F0D251D509B7200B897D3 /* BJFileInfoAssembler.m */; };
		2B5F0D2A1D509B7200B897D3 /* BJPathServe.m in Sources */ = {isa = PBXBuildFile; fileRef = 2B5F0D271D509B7200B897D3 /* BJPathServe.m */; };
		2B5F0D2E1D509B9C00B897D3 /* BJFileInfo.m in Sources */ = {isa = PBXBuildFile; fileRef = 2B5F0D2D1D509B9C00B897D3 /* BJFileInfo.m */; };
		2B5F0D361D509BA400B897D3 /* BJListViewController.m in Sources */ = {isa = PBXBuildFile; fileRef = 2B5F0D311D509BA300B897D3 /* BJListViewController.m */; };
		2B5F0D371D509BA400B897D3 /* BJNavigationController.m in Sources */ = {isa = PBXBuildFile; fileRef = 2B5F0D331D509BA300B897D3 /* BJNavigationController.m */; };
		2B5F0D381D509BA400B897D3 /* BJWebViewController.m in Sources */ = {isa = PBXBuildFile; fileRef = 2B5F0D351D509BA400B897D3 /* BJWebViewController.m */; };
		2B656FA11D4CFCD6001784EC /* BJServerConfig.m in Sources */ = {isa = PBXBuildFile; fileRef = 2B656FA01D4CFCD6001784EC /* BJServerConfig.m */; };
		2B6580A71D4F1B3F001729CD /* BJLaunchScreen.storyboard in Resources */ = {isa = PBXBuildFile; fileRef = 2B6580A51D4F1B3F001729CD /* BJLaunchScreen.storyboard */; };
		2B6686441D4B1522004DF28C /* BJHelperTests.m in Sources */ = {isa = PBXBuildFile; fileRef = 2B6686431D4B1522004DF28C /* BJHelperTests.m */; };
		2B682A4B1D4DC5F400BDD807 /* BJHelperSupport.bundle in Resources */ = {isa = PBXBuildFile; fileRef = 2B682A481D4DC5F400BDD807 /* BJHelperSupport.bundle */; };
		2B6A847D1D48CED700103DAC /* main.m in Sources */ = {isa = PBXBuildFile; fileRef = 2B6A847C1D48CED700103DAC /* main.m */; };
		2B6A84801D48CED700103DAC /* BJAppDelegate.m in Sources */ = {isa = PBXBuildFile; fileRef = 2B6A847F1D48CED700103DAC /* BJAppDelegate.m */; };
		2B6A84861D48CED700103DAC /* Main.storyboard in Resources */ = {isa = PBXBuildFile; fileRef = 2B6A84841D48CED700103DAC /* Main.storyboard */; };
		2B6A84881D48CED700103DAC /* Assets.xcassets in Resources */ = {isa = PBXBuildFile; fileRef = 2B6A84871D48CED700103DAC /* Assets.xcassets */; };
		2B6CE8361D49018E00C09E5E /* App in Resources */ = {isa = PBXBuildFile; fileRef = 2B6CE8351D49018E00C09E5E /* App */; };
		2B8CF7D01D4F31CF00D7A56C /* libBJHelperSDK.a in Frameworks */ = {isa = PBXBuildFile; fileRef = 2B8CF7CF1D4F31CF00D7A56C /* libBJHelperSDK.a */; };
/* End PBXBuildFile section */

/* Begin PBXContainerItemProxy section */
		2B6686461D4B1522004DF28C /* PBXContainerItemProxy */ = {
			isa = PBXContainerItemProxy;
			containerPortal = 2B6A84701D48CED700103DAC /* Project object */;
			proxyType = 1;
			remoteGlobalIDString = 2B6A84771D48CED700103DAC;
			remoteInfo = BJHelper;
		};
/* End PBXContainerItemProxy section */

/* Begin PBXFileReference section */
		2B5F0D221D509B7200B897D3 /* BJAssembler.h */ = {isa = PBXFileReference; fileEncoding = 4; lastKnownFileType = sourcecode.c.h; path = BJAssembler.h; sourceTree = "<group>"; };
		2B5F0D231D509B7200B897D3 /* BJAssembler.m */ = {isa = PBXFileReference; fileEncoding = 4; lastKnownFileType = sourcecode.c.objc; path = BJAssembler.m; sourceTree = "<group>"; };
		2B5F0D241D509B7200B897D3 /* BJFileInfoAssembler.h */ = {isa = PBXFileReference; fileEncoding = 4; lastKnownFileType = sourcecode.c.h; path = BJFileInfoAssembler.h; sourceTree = "<group>"; };
		2B5F0D251D509B7200B897D3 /* BJFileInfoAssembler.m */ = {isa = PBXFileReference; fileEncoding = 4; lastKnownFileType = sourcecode.c.objc; path = BJFileInfoAssembler.m; sourceTree = "<group>"; };
		2B5F0D261D509B7200B897D3 /* BJPathServe.h */ = {isa = PBXFileReference; fileEncoding = 4; lastKnownFileType = sourcecode.c.h; path = BJPathServe.h; sourceTree = "<group>"; };
		2B5F0D271D509B7200B897D3 /* BJPathServe.m */ = {isa = PBXFileReference; fileEncoding = 4; lastKnownFileType = sourcecode.c.objc; path = BJPathServe.m; sourceTree = "<group>"; };
		2B5F0D2C1D509B9C00B897D3 /* BJFileInfo.h */ = {isa = PBXFileReference; fileEncoding = 4; lastKnownFileType = sourcecode.c.h; path = BJFileInfo.h; sourceTree = "<group>"; };
		2B5F0D2D1D509B9C00B897D3 /* BJFileInfo.m */ = {isa = PBXFileReference; fileEncoding = 4; lastKnownFileType = sourcecode.c.objc; path = BJFileInfo.m; sourceTree = "<group>"; };
		2B5F0D301D509BA300B897D3 /* BJListViewController.h */ = {isa = PBXFileReference; fileEncoding = 4; lastKnownFileType = sourcecode.c.h; path = BJListViewController.h; sourceTree = "<group>"; };
		2B5F0D311D509BA300B897D3 /* BJListViewController.m */ = {isa = PBXFileReference; fileEncoding = 4; lastKnownFileType = sourcecode.c.objc; path = BJListViewController.m; sourceTree = "<group>"; };
		2B5F0D321D509BA300B897D3 /* BJNavigationController.h */ = {isa = PBXFileReference; fileEncoding = 4; lastKnownFileType = sourcecode.c.h; path = BJNavigationController.h; sourceTree = "<group>"; };
		2B5F0D331D509BA300B897D3 /* BJNavigationController.m */ = {isa = PBXFileReference; fileEncoding = 4; lastKnownFileType = sourcecode.c.objc; path = BJNavigationController.m; sourceTree = "<group>"; };
		2B5F0D341D509BA300B897D3 /* BJWebViewController.h */ = {isa = PBXFileReference; fileEncoding = 4; lastKnownFileType = sourcecode.c.h; path = BJWebViewController.h; sourceTree = "<group>"; };
		2B5F0D351D509BA400B897D3 /* BJWebViewController.m */ = {isa = PBXFileReference; fileEncoding = 4; lastKnownFileType = sourcecode.c.objc; path = BJWebViewController.m; sourceTree = "<group>"; };
		2B656F9F1D4CFCD6001784EC /* BJServerConfig.h */ = {isa = PBXFileReference; fileEncoding = 4; lastKnownFileType = sourcecode.c.h; path = BJServerConfig.h; sourceTree = "<group>"; };
		2B656FA01D4CFCD6001784EC /* BJServerConfig.m */ = {isa = PBXFileReference; fileEncoding = 4; lastKnownFileType = sourcecode.c.objc; path = BJServerConfig.m; sourceTree = "<group>"; };
		2B6580A61D4F1B3F001729CD /* Base */ = {isa = PBXFileReference; lastKnownFileType = file.storyboard; name = Base; path = Base.lproj/BJLaunchScreen.storyboard; sourceTree = "<group>"; };
		2B6686411D4B1522004DF28C /* BJHelperTests.xctest */ = {isa = PBXFileReference; explicitFileType = wrapper.cfbundle; includeInIndex = 0; path = BJHelperTests.xctest; sourceTree = BUILT_PRODUCTS_DIR; };
		2B6686431D4B1522004DF28C /* BJHelperTests.m */ = {isa = PBXFileReference; lastKnownFileType = sourcecode.c.objc; path = BJHelperTests.m; sourceTree = "<group>"; };
		2B6686451D4B1522004DF28C /* Info.plist */ = {isa = PBXFileReference; lastKnownFileType = text.plist.xml; path = Info.plist; sourceTree = "<group>"; };
		2B682A481D4DC5F400BDD807 /* BJHelperSupport.bundle */ = {isa = PBXFileReference; lastKnownFileType = "wrapper.plug-in"; path = BJHelperSupport.bundle; sourceTree = "<group>"; };
		2B6A84781D48CED700103DAC /* BJHelper.app */ = {isa = PBXFileReference; explicitFileType = wrapper.application; includeInIndex = 0; path = BJHelper.app; sourceTree = BUILT_PRODUCTS_DIR; };
		2B6A847C1D48CED700103DAC /* main.m */ = {isa = PBXFileReference; lastKnownFileType = sourcecode.c.objc; path = main.m; sourceTree = "<group>"; };
		2B6A847E1D48CED700103DAC /* BJAppDelegate.h */ = {isa = PBXFileReference; lastKnownFileType = sourcecode.c.h; path = BJAppDelegate.h; sourceTree = "<group>"; };
		2B6A847F1D48CED700103DAC /* BJAppDelegate.m */ = {isa = PBXFileReference; lastKnownFileType = sourcecode.c.objc; path = BJAppDelegate.m; sourceTree = "<group>"; };
		2B6A84851D48CED700103DAC /* Base */ = {isa = PBXFileReference; lastKnownFileType = file.storyboard; name = Base; path = Base.lproj/Main.storyboard; sourceTree = "<group>"; };
		2B6A84871D48CED700103DAC /* Assets.xcassets */ = {isa = PBXFileReference; lastKnownFileType = folder.assetcatalog; path = Assets.xcassets; sourceTree = "<group>"; };
		2B6A848C1D48CED700103DAC /* Info.plist */ = {isa = PBXFileReference; lastKnownFileType = text.plist.xml; path = Info.plist; sourceTree = "<group>"; };
		2B6CE8351D49018E00C09E5E /* App */ = {isa = PBXFileReference; lastKnownFileType = folder; path = App; sourceTree = SOURCE_ROOT; };
		2B8CF7CE1D4F318F00D7A56C /* BJHelperSupport.h */ = {isa = PBXFileReference; lastKnownFileType = sourcecode.c.h; path = BJHelperSupport.h; sourceTree = "<group>"; };
		2B8CF7CF1D4F31CF00D7A56C /* libBJHelperSDK.a */ = {isa = PBXFileReference; lastKnownFileType = archive.ar; path = libBJHelperSDK.a; sourceTree = "<group>"; };
/* End PBXFileReference section */

/* Begin PBXFrameworksBuildPhase section */
		2B66863E1D4B1522004DF28C /* Frameworks */ = {
			isa = PBXFrameworksBuildPhase;
			buildActionMask = 2147483647;
			files = (
			);
			runOnlyForDeploymentPostprocessing = 0;
		};
		2B6A84751D48CED700103DAC /* Frameworks */ = {
			isa = PBXFrameworksBuildPhase;
			buildActionMask = 2147483647;
			files = (
				2B8CF7D01D4F31CF00D7A56C /* libBJHelperSDK.a in Frameworks */,
			);
			runOnlyForDeploymentPostprocessing = 0;
		};
/* End PBXFrameworksBuildPhase section */

/* Begin PBXGroup section */
		2B5F0D211D509B7200B897D3 /* Tool */ = {
			isa = PBXGroup;
			children = (
				2B5F0D221D509B7200B897D3 /* BJAssembler.h */,
				2B5F0D231D509B7200B897D3 /* BJAssembler.m */,
				2B5F0D241D509B7200B897D3 /* BJFileInfoAssembler.h */,
				2B5F0D251D509B7200B897D3 /* BJFileInfoAssembler.m */,
				2B5F0D261D509B7200B897D3 /* BJPathServe.h */,
				2B5F0D271D509B7200B897D3 /* BJPathServe.m */,
			);
			path = Tool;
			sourceTree = "<group>";
		};
		2B5F0D2B1D509B9C00B897D3 /* Model */ = {
			isa = PBXGroup;
			children = (
				2B5F0D2C1D509B9C00B897D3 /* BJFileInfo.h */,
				2B5F0D2D1D509B9C00B897D3 /* BJFileInfo.m */,
			);
			path = Model;
			sourceTree = "<group>";
		};
		2B5F0D2F1D509BA300B897D3 /* Controller */ = {
			isa = PBXGroup;
			children = (
				2B5F0D301D509BA300B897D3 /* BJListViewController.h */,
				2B5F0D311D509BA300B897D3 /* BJListViewController.m */,
				2B5F0D321D509BA300B897D3 /* BJNavigationController.h */,
				2B5F0D331D509BA300B897D3 /* BJNavigationController.m */,
				2B5F0D341D509BA300B897D3 /* BJWebViewController.h */,
				2B5F0D351D509BA400B897D3 /* BJWebViewController.m */,
			);
			path = Controller;
			sourceTree = "<group>";
		};
		2B6580A81D4F1DC3001729CD /* header */ = {
			isa = PBXGroup;
			children = (
				2B8CF7CE1D4F318F00D7A56C /* BJHelperSupport.h */,
			);
			path = header;
			sourceTree = "<group>";
		};
		2B6686421D4B1522004DF28C /* BJHelperTests */ = {
			isa = PBXGroup;
			children = (
				2B6686431D4B1522004DF28C /* BJHelperTests.m */,
				2B6686451D4B1522004DF28C /* Info.plist */,
			);
			path = BJHelperTests;
			sourceTree = "<group>";
		};
		2B682A471D4DC5F400BDD807 /* libBJHelperSupport */ = {
			isa = PBXGroup;
			children = (
				2B6580A81D4F1DC3001729CD /* header */,
				2B8CF7CF1D4F31CF00D7A56C /* libBJHelperSDK.a */,
				2B682A481D4DC5F400BDD807 /* BJHelperSupport.bundle */,
			);
			name = libBJHelperSupport;
			path = ../libBJHelperSupport;
			sourceTree = "<group>";
		};
		2B6A846F1D48CED700103DAC = {
			isa = PBXGroup;
			children = (
				2B6A847A1D48CED700103DAC /* BJHelper */,
				2B6686421D4B1522004DF28C /* BJHelperTests */,
				2B6A84791D48CED700103DAC /* Products */,
			);
			sourceTree = "<group>";
		};
		2B6A84791D48CED700103DAC /* Products */ = {
			isa = PBXGroup;
			children = (
				2B6A84781D48CED700103DAC /* BJHelper.app */,
				2B6686411D4B1522004DF28C /* BJHelperTests.xctest */,
			);
			name = Products;
			sourceTree = "<group>";
		};
		2B6A847A1D48CED700103DAC /* BJHelper */ = {
			isa = PBXGroup;
			children = (
				2B6A847E1D48CED700103DAC /* BJAppDelegate.h */,
				2B6A847F1D48CED700103DAC /* BJAppDelegate.m */,
				2B656F9F1D4CFCD6001784EC /* BJServerConfig.h */,
				2B656FA01D4CFCD6001784EC /* BJServerConfig.m */,
				2B5F0D211D509B7200B897D3 /* Tool */,
				2B5F0D2B1D509B9C00B897D3 /* Model */,
				2B5F0D2F1D509BA300B897D3 /* Controller */,
				2B682A471D4DC5F400BDD807 /* libBJHelperSupport */,
				2B6CE8341D49016800C09E5E /* Resources */,
				2B6A848C1D48CED700103DAC /* Info.plist */,
				2B6A847B1D48CED700103DAC /* Supporting Files */,
			);
			path = BJHelper;
			sourceTree = "<group>";
		};
		2B6A847B1D48CED700103DAC /* Supporting Files */ = {
			isa = PBXGroup;
			children = (
				2B6A847C1D48CED700103DAC /* main.m */,
			);
			name = "Supporting Files";
			sourceTree = "<group>";
		};
		2B6CE8341D49016800C09E5E /* Resources */ = {
			isa = PBXGroup;
			children = (
				2B6A84841D48CED700103DAC /* Main.storyboard */,
				2B6580A51D4F1B3F001729CD /* BJLaunchScreen.storyboard */,
				2B6A84871D48CED700103DAC /* Assets.xcassets */,
				2B6CE8351D49018E00C09E5E /* App */,
			);
			name = Resources;
			sourceTree = "<group>";
		};
/* End PBXGroup section */

/* Begin PBXNativeTarget section */
		2B6686401D4B1522004DF28C /* BJHelperTests */ = {
			isa = PBXNativeTarget;
			buildConfigurationList = 2B6686481D4B1522004DF28C /* Build configuration list for PBXNativeTarget "BJHelperTests" */;
			buildPhases = (
				2B66863D1D4B1522004DF28C /* Sources */,
				2B66863E1D4B1522004DF28C /* Frameworks */,
				2B66863F1D4B1522004DF28C /* Resources */,
			);
			buildRules = (
			);
			dependencies = (
				2B6686471D4B1522004DF28C /* PBXTargetDependency */,
			);
			name = BJHelperTests;
			productName = BJHelperTests;
			productReference = 2B6686411D4B1522004DF28C /* BJHelperTests.xctest */;
			productType = "com.apple.product-type.bundle.unit-test";
		};
		2B6A84771D48CED700103DAC /* BJHelper */ = {
			isa = PBXNativeTarget;
			buildConfigurationList = 2B6A848F1D48CED700103DAC /* Build configuration list for PBXNativeTarget "BJHelper" */;
			buildPhases = (
				2B6A84741D48CED700103DAC /* Sources */,
				2B6A84751D48CED700103DAC /* Frameworks */,
				2B6A84761D48CED700103DAC /* Resources */,
			);
			buildRules = (
			);
			dependencies = (
			);
			name = BJHelper;
			productName = BJHelper;
			productReference = 2B6A84781D48CED700103DAC /* BJHelper.app */;
			productType = "com.apple.product-type.application";
		};
/* End PBXNativeTarget section */

/* Begin PBXProject section */
		2B6A84701D48CED700103DAC /* Project object */ = {
			isa = PBXProject;
			attributes = {
				LastUpgradeCheck = 0720;
				ORGANIZATIONNAME = beijiahiddink;
				TargetAttributes = {
					2B6686401D4B1522004DF28C = {
						CreatedOnToolsVersion = 7.2.1;
						DevelopmentTeam = LF99LT2V35;
						TestTargetID = 2B6A84771D48CED700103DAC;
					};
					2B6A84771D48CED700103DAC = {
						CreatedOnToolsVersion = 7.2.1;
						SystemCapabilities = {
							com.apple.BackgroundModes = {
								enabled = 0;
							};
						};
					};
				};
			};
			buildConfigurationList = 2B6A84731D48CED700103DAC /* Build configuration list for PBXProject "BJHelper" */;
			compatibilityVersion = "Xcode 3.2";
			developmentRegion = English;
			hasScannedForEncodings = 0;
			knownRegions = (
				en,
				Base,
			);
			mainGroup = 2B6A846F1D48CED700103DAC;
			productRefGroup = 2B6A84791D48CED700103DAC /* Products */;
			projectDirPath = "";
			projectRoot = "";
			targets = (
				2B6A84771D48CED700103DAC /* BJHelper */,
				2B6686401D4B1522004DF28C /* BJHelperTests */,
			);
		};
/* End PBXProject section */

/* Begin PBXResourcesBuildPhase section */
		2B66863F1D4B1522004DF28C /* Resources */ = {
			isa = PBXResourcesBuildPhase;
			buildActionMask = 2147483647;
			files = (
			);
			runOnlyForDeploymentPostprocessing = 0;
		};
		2B6A84761D48CED700103DAC /* Resources */ = {
			isa = PBXResourcesBuildPhase;
			buildActionMask = 2147483647;
			files = (
				2B682A4B1D4DC5F400BDD807 /* BJHelperSupport.bundle in Resources */,
				2B6A84881D48CED700103DAC /* Assets.xcassets in Resources */,
				2B6CE8361D49018E00C09E5E /* App in Resources */,
				2B6A84861D48CED700103DAC /* Main.storyboard in Resources */,
				2B6580A71D4F1B3F001729CD /* BJLaunchScreen.storyboard in Resources */,
			);
			runOnlyForDeploymentPostprocessing = 0;
		};
/* End PBXResourcesBuildPhase section */

/* Begin PBXSourcesBuildPhase section */
		2B66863D1D4B1522004DF28C /* Sources */ = {
			isa = PBXSourcesBuildPhase;
			buildActionMask = 2147483647;
			files = (
				2B6686441D4B1522004DF28C /* BJHelperTests.m in Sources */,
			);
			runOnlyForDeploymentPostprocessing = 0;
		};
		2B6A84741D48CED700103DAC /* Sources */ = {
			isa = PBXSourcesBuildPhase;
			buildActionMask = 2147483647;
			files = (
				2B5F0D361D509BA400B897D3 /* BJListViewController.m in Sources */,
				2B5F0D281D509B7200B897D3 /* BJAssembler.m in Sources */,
				2B6A84801D48CED700103DAC /* BJAppDelegate.m in Sources */,
				2B656FA11D4CFCD6001784EC /* BJServerConfig.m in Sources */,
				2B5F0D371D509BA400B897D3 /* BJNavigationController.m in Sources */,
				2B5F0D381D509BA400B897D3 /* BJWebViewController.m in Sources */,
				2B5F0D2A1D509B7200B897D3 /* BJPathServe.m in Sources */,
				2B5F0D291D509B7200B897D3 /* BJFileInfoAssembler.m in Sources */,
				2B5F0D2E1D509B9C00B897D3 /* BJFileInfo.m in Sources */,
				2B6A847D1D48CED700103DAC /* main.m in Sources */,
			);
			runOnlyForDeploymentPostprocessing = 0;
		};
/* End PBXSourcesBuildPhase section */

/* Begin PBXTargetDependency section */
		2B6686471D4B1522004DF28C /* PBXTargetDependency */ = {
			isa = PBXTargetDependency;
			target = 2B6A84771D48CED700103DAC /* BJHelper */;
			targetProxy = 2B6686461D4B1522004DF28C /* PBXContainerItemProxy */;
		};
/* End PBXTargetDependency section */

/* Begin PBXVariantGroup section */
		2B6580A51D4F1B3F001729CD /* BJLaunchScreen.storyboard */ = {
			isa = PBXVariantGroup;
			children = (
				2B6580A61D4F1B3F001729CD /* Base */,
			);
			name = BJLaunchScreen.storyboard;
			sourceTree = "<group>";
		};
		2B6A84841D48CED700103DAC /* Main.storyboard */ = {
			isa = PBXVariantGroup;
			children = (
				2B6A84851D48CED700103DAC /* Base */,
			);
			name = Main.storyboard;
			sourceTree = "<group>";
		};
/* End PBXVariantGroup section */

/* Begin XCBuildConfiguration section */
		2B6686491D4B1522004DF28C /* Debug */ = {
			isa = XCBuildConfiguration;
			buildSettings = {
				BUNDLE_LOADER = "$(TEST_HOST)";
				INFOPLIST_FILE = BJHelperTests/Info.plist;
				IPHONEOS_DEPLOYMENT_TARGET = 9.2;
				LD_RUNPATH_SEARCH_PATHS = "$(inherited) @executable_path/Frameworks @loader_path/Frameworks";
				LIBRARY_SEARCH_PATHS = (
					"$(inherited)",
					"$(PROJECT_DIR)FW/build/Debug-iphoneos",
				);
				PRODUCT_BUNDLE_IDENTIFIER = com.beijiahiddink.BJHelperTests;
				PRODUCT_NAME = "$(TARGET_NAME)";
				TEST_HOST = "$(BUILT_PRODUCTS_DIR)/BJHelper.app/BJHelper";
			};
			name = Debug;
		};
		2B66864A1D4B1522004DF28C /* Release */ = {
			isa = XCBuildConfiguration;
			buildSettings = {
				BUNDLE_LOADER = "$(TEST_HOST)";
				CODE_SIGN_IDENTITY = "iPhone Developer: JIAHONG CAI (X78V5FKNM9)";
				INFOPLIST_FILE = BJHelperTests/Info.plist;
				IPHONEOS_DEPLOYMENT_TARGET = 9.2;
				LD_RUNPATH_SEARCH_PATHS = "$(inherited) @executable_path/Frameworks @loader_path/Frameworks";
				LIBRARY_SEARCH_PATHS = (
					"$(inherited)",
					"$(PROJECT_DIR)FW/build/Debug-iphoneos",
				);
				PRODUCT_BUNDLE_IDENTIFIER = com.beijiahiddink.BJHelperTests;
				PRODUCT_NAME = "$(TARGET_NAME)";
				TEST_HOST = "$(BUILT_PRODUCTS_DIR)/BJHelper.app/BJHelper";
			};
			name = Release;
		};
		2B6A848D1D48CED700103DAC /* Debug */ = {
			isa = XCBuildConfiguration;
			buildSettings = {
				ALWAYS_SEARCH_USER_PATHS = NO;
				CLANG_CXX_LANGUAGE_STANDARD = "gnu++0x";
				CLANG_CXX_LIBRARY = "libc++";
				CLANG_ENABLE_MODULES = YES;
				CLANG_ENABLE_OBJC_ARC = YES;
				CLANG_WARN_BOOL_CONVERSION = YES;
				CLANG_WARN_CONSTANT_CONVERSION = YES;
				CLANG_WARN_DIRECT_OBJC_ISA_USAGE = YES_ERROR;
				CLANG_WARN_EMPTY_BODY = YES;
				CLANG_WARN_ENUM_CONVERSION = YES;
				CLANG_WARN_INT_CONVERSION = YES;
				CLANG_WARN_OBJC_ROOT_CLASS = YES_ERROR;
				CLANG_WARN_UNREACHABLE_CODE = YES;
				CLANG_WARN__DUPLICATE_METHOD_MATCH = YES;
				CODE_SIGN_IDENTITY = "iPhone Developer: JIAHONG CAI (X78V5FKNM9)";
				"CODE_SIGN_IDENTITY[sdk=iphoneos*]" = "iPhone Developer: JIAHONG CAI (X78V5FKNM9)";
				COPY_PHASE_STRIP = NO;
				DEBUG_INFORMATION_FORMAT = dwarf;
				ENABLE_STRICT_OBJC_MSGSEND = YES;
				ENABLE_TESTABILITY = YES;
				GCC_C_LANGUAGE_STANDARD = gnu99;
				GCC_DYNAMIC_NO_PIC = NO;
				GCC_NO_COMMON_BLOCKS = YES;
				GCC_OPTIMIZATION_LEVEL = 0;
				GCC_PREPROCESSOR_DEFINITIONS = (
					"DEBUG=1",
					"$(inherited)",
				);
				GCC_WARN_64_TO_32_BIT_CONVERSION = YES;
				GCC_WARN_ABOUT_RETURN_TYPE = YES_ERROR;
				GCC_WARN_UNDECLARED_SELECTOR = YES;
				GCC_WARN_UNINITIALIZED_AUTOS = YES_AGGRESSIVE;
				GCC_WARN_UNUSED_FUNCTION = YES;
				GCC_WARN_UNUSED_VARIABLE = YES;
				IPHONEOS_DEPLOYMENT_TARGET = 7.0;
				MTL_ENABLE_DEBUG_INFO = YES;
				ONLY_ACTIVE_ARCH = YES;
				OTHER_LDFLAGS = "";
				SDKROOT = iphoneos;
			};
			name = Debug;
		};
		2B6A848E1D48CED700103DAC /* Release */ = {
			isa = XCBuildConfiguration;
			buildSettings = {
				ALWAYS_SEARCH_USER_PATHS = NO;
				CLANG_CXX_LANGUAGE_STANDARD = "gnu++0x";
				CLANG_CXX_LIBRARY = "libc++";
				CLANG_ENABLE_MODULES = YES;
				CLANG_ENABLE_OBJC_ARC = YES;
				CLANG_WARN_BOOL_CONVERSION = YES;
				CLANG_WARN_CONSTANT_CONVERSION = YES;
				CLANG_WARN_DIRECT_OBJC_ISA_USAGE = YES_ERROR;
				CLANG_WARN_EMPTY_BODY = YES;
				CLANG_WARN_ENUM_CONVERSION = YES;
				CLANG_WARN_INT_CONVERSION = YES;
				CLANG_WARN_OBJC_ROOT_CLASS = YES_ERROR;
				CLANG_WARN_UNREACHABLE_CODE = YES;
				CLANG_WARN__DUPLICATE_METHOD_MATCH = YES;
				"CODE_SIGN_IDENTITY[sdk=iphoneos*]" = "iPhone Developer: JIAHONG CAI (X78V5FKNM9)";
				COPY_PHASE_STRIP = NO;
				DEBUG_INFORMATION_FORMAT = "dwarf-with-dsym";
				ENABLE_NS_ASSERTIONS = NO;
				ENABLE_STRICT_OBJC_MSGSEND = YES;
				GCC_C_LANGUAGE_STANDARD = gnu99;
				GCC_NO_COMMON_BLOCKS = YES;
				GCC_WARN_64_TO_32_BIT_CONVERSION = YES;
				GCC_WARN_ABOUT_RETURN_TYPE = YES_ERROR;
				GCC_WARN_UNDECLARED_SELECTOR = YES;
				GCC_WARN_UNINITIALIZED_AUTOS = YES_AGGRESSIVE;
				GCC_WARN_UNUSED_FUNCTION = YES;
				GCC_WARN_UNUSED_VARIABLE = YES;
				IPHONEOS_DEPLOYMENT_TARGET = 7.0;
				MTL_ENABLE_DEBUG_INFO = NO;
				OTHER_LDFLAGS = "";
				SDKROOT = iphoneos;
				VALIDATE_PRODUCT = YES;
			};
			name = Release;
		};
		2B6A84901D48CED700103DAC /* Debug */ = {
			isa = XCBuildConfiguration;
			buildSettings = {
				ASSETCATALOG_COMPILER_APPICON_NAME = AppIcon;
				CODE_SIGN_IDENTITY = "iPhone Developer: JIAHONG CAI (X78V5FKNM9)";
				INFOPLIST_FILE = BJHelper/Info.plist;
				IPHONEOS_DEPLOYMENT_TARGET = 7.0;
				LD_RUNPATH_SEARCH_PATHS = "$(inherited) @executable_path/Frameworks";
				LIBRARY_SEARCH_PATHS = (
					"$(inherited)",
					"$(PROJECT_DIR)/BJHelper",
					"$(PROJECT_DIR)/libBJHelperSupport",
				);
				OTHER_LDFLAGS = "-ObjC";
				PRODUCT_BUNDLE_IDENTIFIER = com.beijiahiddink.BJHelper;
				PRODUCT_NAME = "$(TARGET_NAME)";
			};
			name = Debug;
		};
		2B6A84911D48CED700103DAC /* Release */ = {
			isa = XCBuildConfiguration;
			buildSettings = {
				ASSETCATALOG_COMPILER_APPICON_NAME = AppIcon;
				CODE_SIGN_IDENTITY = "iPhone Developer: JIAHONG CAI (X78V5FKNM9)";
				INFOPLIST_FILE = BJHelper/Info.plist;
				IPHONEOS_DEPLOYMENT_TARGET = 7.0;
				LD_RUNPATH_SEARCH_PATHS = "$(inherited) @executable_path/Frameworks";
				LIBRARY_SEARCH_PATHS = (
					"$(inherited)",
					"$(PROJECT_DIR)/BJHelper",
					"$(PROJECT_DIR)/libBJHelperSupport",
				);
				OTHER_LDFLAGS = "-ObjC";
				PRODUCT_BUNDLE_IDENTIFIER = com.beijiahiddink.BJHelper;
				PRODUCT_NAME = "$(TARGET_NAME)";
			};
			name = Release;
		};
/* End XCBuildConfiguration section */

/* Begin XCConfigurationList section */
		2B6686481D4B1522004DF28C /* Build configuration list for PBXNativeTarget "BJHelperTests" */ = {
			isa = XCConfigurationList;
			buildConfigurations = (
				2B6686491D4B1522004DF28C /* Debug */,
				2B66864A1D4B1522004DF28C /* Release */,
			);
			defaultConfigurationIsVisible = 0;
			defaultConfigurationName = Release;
		};
		2B6A84731D48CED700103DAC /* Build configuration list for PBXProject "BJHelper" */ = {
			isa = XCConfigurationList;
			buildConfigurations = (
				2B6A848D1D48CED700103DAC /* Debug */,
				2B6A848E1D48CED700103DAC /* Release */,
			);
			defaultConfigurationIsVisible = 0;
			defaultConfigurationName = Release;
		};
		2B6A848F1D48CED700103DAC /* Build configuration list for PBXNativeTarget "BJHelper" */ = {
			isa = XCConfigurationList;
			buildConfigurations = (
				2B6A84901D48CED700103DAC /* Debug */,
				2B6A84911D48CED700103DAC /* Release */,
			);
			defaultConfigurationIsVisible = 0;
			defaultConfigurationName = Release;
		};
/* End XCConfigurationList section */
	};
	rootObject = 2B6A84701D48CED700103DAC /* Project object */;
}
